
Microsoft Visual Studio Solution File, Format Version 12.00
# Visual Studio Version 17
VisualStudioVersion = 17.4.33122.133
MinimumVisualStudioVersion = 10.0.40219.1
Project("{8BC9CEB8-8B4A-11D0-8D11-00A0C91BC942}") = "Pointers", "Pointers\Pointers.vcxproj", "{0F708760-5391-4035-9893-4371000488DD}"
EndProject
Project("{8BC9CEB8-8B4A-11D0-8D11-00A0C91BC942}") = "TransferParameters", "TransferParameters\TransferParameters.vcxproj", "{E6443BEC-E558-45CC-8020-20B6A76A0BD3}"
EndProject
Project("{8BC9CEB8-8B4A-11D0-8D11-00A0C91BC942}") = "References", "References\References.vcxproj", "{40A57893-3CC3-4036-A75E-81D0497477A6}"
EndProject
Project("{8BC9CEB8-8B4A-11D0-8D11-00A0C91BC942}") = "DynamicMemory", "DynamicMemory\DynamicMemory.vcxproj", "{D1FC5B69-F85B-498F-B84C-585F14E05923}"
EndProject
Global
	GlobalSection(SolutionConfigurationPlatforms) = preSolution
		Debug|x64 = Debug|x64
		Debug|x86 = Debug|x86
		Release|x64 = Release|x64
		Release|x86 = Release|x86
	EndGlobalSection
	GlobalSection(ProjectConfigurationPlatforms) = postSolution
		{0F708760-5391-4035-9893-4371000488DD}.Debug|x64.ActiveCfg = Debug|x64
		{0F708760-5391-4035-9893-4371000488DD}.Debug|x64.Build.0 = Debug|x64
		{0F708760-5391-4035-9893-4371000488DD}.Debug|x86.ActiveCfg = Debug|Win32
		{0F708760-5391-4035-9893-4371000488DD}.Debug|x86.Build.0 = Debug|Win32
		{0F708760-5391-4035-9893-4371000488DD}.Release|x64.ActiveCfg = Release|x64
		{0F708760-5391-4035-9893-4371000488DD}.Release|x64.Build.0 = Release|x64
		{0F708760-5391-4035-9893-4371000488DD}.Release|x86.ActiveCfg = Release|Win32
		{0F708760-5391-4035-9893-4371000488DD}.Release|x86.Build.0 = Release|Win32
		{E6443BEC-E558-45CC-8020-20B6A76A0BD3}.Debug|x64.ActiveCfg = Debug|x64
		{E6443BEC-E558-45CC-8020-20B6A76A0BD3}.Debug|x64.Build.0 = Debug|x64
		{E6443BEC-E558-45CC-8020-20B6A76A0BD3}.Debug|x86.ActiveCfg = Debug|Win32
		{E6443BEC-E558-45CC-8020-20B6A76A0BD3}.Debug|x86.Build.0 = Debug|Win32
		{E6443BEC-E558-45CC-8020-20B6A76A0BD3}.Release|x64.ActiveCfg = Release|x64
		{E6443BEC-E558-45CC-8020-20B6A76A0BD3}.Release|x64.Build.0 = Release|x64
		{E6443BEC-E558-45CC-8020-20B6A76A0BD3}.Release|x86.ActiveCfg = Release|Win32
		{E6443BEC-E558-45CC-8020-20B6A76A0BD3}.Release|x86.Build.0 = Release|Win32
		{40A57893-3CC3-4036-A75E-81D0497477A6}.Debug|x64.ActiveCfg = Debug|x64
		{40A57893-3CC3-4036-A75E-81D0497477A6}.Debug|x64.Build.0 = Debug|x64
		{40A57893-3CC3-4036-A75E-81D0497477A6}.Debug|x86.ActiveCfg = Debug|Win32
		{40A57893-3CC3-4036-A75E-81D0497477A6}.Debug|x86.Build.0 = Debug|Win32
		{40A57893-3CC3-4036-A75E-81D0497477A6}.Release|x64.ActiveCfg = Release|x64
		{40A57893-3CC3-4036-A75E-81D0497477A6}.Release|x64.Build.0 = Release|x64
		{40A57893-3CC3-4036-A75E-81D0497477A6}.Release|x86.ActiveCfg = Release|Win32
		{40A57893-3CC3-4036-A75E-81D0497477A6}.Release|x86.Build.0 = Release|Win32
		{D1FC5B69-F85B-498F-B84C-585F14E05923}.Debug|x64.ActiveCfg = Debug|x64
		{D1FC5B69-F85B-498F-B84C-585F14E05923}.Debug|x64.Build.0 = Debug|x64
		{D1FC5B69-F85B-498F-B84C-585F14E05923}.Debug|x86.ActiveCfg = Debug|Win32
		{D1FC5B69-F85B-498F-B84C-585F14E05923}.Debug|x86.Build.0 = Debug|Win32
		{D1FC5B69-F85B-498F-B84C-585F14E05923}.Release|x64.ActiveCfg = Release|x64
		{D1FC5B69-F85B-498F-B84C-585F14E05923}.Release|x64.Build.0 = Release|x64
		{D1FC5B69-F85B-498F-B84C-585F14E05923}.Release|x86.ActiveCfg = Release|Win32
		{D1FC5B69-F85B-498F-B84C-585F14E05923}.Release|x86.Build.0 = Release|Win32
	EndGlobalSection
	GlobalSection(SolutionProperties) = preSolution
		HideSolutionNode = FALSE
	EndGlobalSection
	GlobalSection(ExtensibilityGlobals) = postSolution
		SolutionGuid = {2510C25F-86EB-4487-B873-A672BEAB863D}
	EndGlobalSection
EndGlobal
